
Microsoft Visual Studio Solution File, Format Version 12.00
# Visual Studio Version 16
VisualStudioVersion = 16.0.29102.190
MinimumVisualStudioVersion = 10.0.40219.1
Project("{2150E333-8FDC-42A3-9474-1A3956D46DE8}") = "Common", "Common", "{78D3E21A-07A4-403A-8251-F2D219DB9FF8}"
EndProject
Project("{2150E333-8FDC-42A3-9474-1A3956D46DE8}") = "Core", "Core", "{D3F9D5E4-8EAE-4606-BB36-DBB53C3DAF22}"
EndProject
Project("{2150E333-8FDC-42A3-9474-1A3956D46DE8}") = "Infrastructure", "Infrastructure", "{C417C0F2-A34D-413C-AD46-3832A1D3034F}"
EndProject
Project("{2150E333-8FDC-42A3-9474-1A3956D46DE8}") = "Presentation", "Presentation", "{8F9EA0AA-CCAF-48F5-98CC-D09B9896BA0A}"
EndProject
Project("{9A19103F-16F7-4668-BE54-9A1E7A4F7556}") = "VKINFO.DOMAIN", "VKINFO.DOMAIN\VKINFO.DOMAIN.csproj", "{8F3604DC-C470-41D6-9965-00AD8621C6CC}"
EndProject
Project("{9A19103F-16F7-4668-BE54-9A1E7A4F7556}") = "VKINFO.PERSISTENCE", "VKINFO.PERSISTENCE\VKINFO.PERSISTENCE.csproj", "{8B9D88CF-A1E6-4776-A3D1-F1D6098EE730}"
EndProject
Project("{9A19103F-16F7-4668-BE54-9A1E7A4F7556}") = "VKINFO.APPLICATION", "VKINFO.APPLICATION\VKINFO.APPLICATION.csproj", "{8CE32C51-BA04-4529-B765-C8A69DC8E7D2}"
EndProject
Project("{9A19103F-16F7-4668-BE54-9A1E7A4F7556}") = "VKINFO.WEBUI", "VKINFO.WEBUI\VKINFO.WEBUI.csproj", "{B48ABC68-7051-4E01-A9F3-BAF15EA282F2}"
EndProject
Project("{9A19103F-16F7-4668-BE54-9A1E7A4F7556}") = "VKINFO.COMMON", "VKINFO.COMMON\VKINFO.COMMON.csproj", "{573539E1-8696-49FD-A544-437732DCD894}"
EndProject
Project("{9A19103F-16F7-4668-BE54-9A1E7A4F7556}") = "VKINFO.WEBADMIN", "VKINFO.WEBADMIN\VKINFO.WEBADMIN.csproj", "{CA91B94C-EA97-47C6-9021-8C8CB0B03CF9}"
EndProject
Global
	GlobalSection(SolutionConfigurationPlatforms) = preSolution
		Debug|Any CPU = Debug|Any CPU
		Release|Any CPU = Release|Any CPU
	EndGlobalSection
	GlobalSection(ProjectConfigurationPlatforms) = postSolution
		{8F3604DC-C470-41D6-9965-00AD8621C6CC}.Debug|Any CPU.ActiveCfg = Debug|Any CPU
		{8F3604DC-C470-41D6-9965-00AD8621C6CC}.Debug|Any CPU.Build.0 = Debug|Any CPU
		{8F3604DC-C470-41D6-9965-00AD8621C6CC}.Release|Any CPU.ActiveCfg = Release|Any CPU
		{8F3604DC-C470-41D6-9965-00AD8621C6CC}.Release|Any CPU.Build.0 = Release|Any CPU
		{8B9D88CF-A1E6-4776-A3D1-F1D6098EE730}.Debug|Any CPU.ActiveCfg = Debug|Any CPU
		{8B9D88CF-A1E6-4776-A3D1-F1D6098EE730}.Debug|Any CPU.Build.0 = Debug|Any CPU
		{8B9D88CF-A1E6-4776-A3D1-F1D6098EE730}.Release|Any CPU.ActiveCfg = Release|Any CPU
		{8B9D88CF-A1E6-4776-A3D1-F1D6098EE730}.Release|Any CPU.Build.0 = Release|Any CPU
		{8CE32C51-BA04-4529-B765-C8A69DC8E7D2}.Debug|Any CPU.ActiveCfg = Debug|Any CPU
		{8CE32C51-BA04-4529-B765-C8A69DC8E7D2}.Debug|Any CPU.Build.0 = Debug|Any CPU
		{8CE32C51-BA04-4529-B765-C8A69DC8E7D2}.Release|Any CPU.ActiveCfg = Release|Any CPU
		{8CE32C51-BA04-4529-B765-C8A69DC8E7D2}.Release|Any CPU.Build.0 = Release|Any CPU
		{B48ABC68-7051-4E01-A9F3-BAF15EA282F2}.Debug|Any CPU.ActiveCfg = Debug|Any CPU
		{B48ABC68-7051-4E01-A9F3-BAF15EA282F2}.Debug|Any CPU.Build.0 = Debug|Any CPU
		{B48ABC68-7051-4E01-A9F3-BAF15EA282F2}.Release|Any CPU.ActiveCfg = Release|Any CPU
		{B48ABC68-7051-4E01-A9F3-BAF15EA282F2}.Release|Any CPU.Build.0 = Release|Any CPU
		{573539E1-8696-49FD-A544-437732DCD894}.Debug|Any CPU.ActiveCfg = Debug|Any CPU
		{573539E1-8696-49FD-A544-437732DCD894}.Debug|Any CPU.Build.0 = Debug|Any CPU
		{573539E1-8696-49FD-A544-437732DCD894}.Release|Any CPU.ActiveCfg = Release|Any CPU
		{573539E1-8696-49FD-A544-437732DCD894}.Release|Any CPU.Build.0 = Release|Any CPU
		{CA91B94C-EA97-47C6-9021-8C8CB0B03CF9}.Debug|Any CPU.ActiveCfg = Debug|Any CPU
		{CA91B94C-EA97-47C6-9021-8C8CB0B03CF9}.Debug|Any CPU.Build.0 = Debug|Any CPU
		{CA91B94C-EA97-47C6-9021-8C8CB0B03CF9}.Release|Any CPU.ActiveCfg = Release|Any CPU
		{CA91B94C-EA97-47C6-9021-8C8CB0B03CF9}.Release|Any CPU.Build.0 = Release|Any CPU
	EndGlobalSection
	GlobalSection(SolutionProperties) = preSolution
		HideSolutionNode = FALSE
	EndGlobalSection
	GlobalSection(NestedProjects) = preSolution
		{8F3604DC-C470-41D6-9965-00AD8621C6CC} = {D3F9D5E4-8EAE-4606-BB36-DBB53C3DAF22}
		{8B9D88CF-A1E6-4776-A3D1-F1D6098EE730} = {C417C0F2-A34D-413C-AD46-3832A1D3034F}
		{8CE32C51-BA04-4529-B765-C8A69DC8E7D2} = {D3F9D5E4-8EAE-4606-BB36-DBB53C3DAF22}
		{B48ABC68-7051-4E01-A9F3-BAF15EA282F2} = {8F9EA0AA-CCAF-48F5-98CC-D09B9896BA0A}
		{573539E1-8696-49FD-A544-437732DCD894} = {78D3E21A-07A4-403A-8251-F2D219DB9FF8}
		{CA91B94C-EA97-47C6-9021-8C8CB0B03CF9} = {8F9EA0AA-CCAF-48F5-98CC-D09B9896BA0A}
	EndGlobalSection
	GlobalSection(ExtensibilityGlobals) = postSolution
		SolutionGuid = {C77FEDBB-8760-49A7-85B9-A3B8F07A43C4}
	EndGlobalSection
EndGlobal
